
Microsoft Visual Studio Solution File, Format Version 12.00
# Visual Studio Version 17
VisualStudioVersion = 17.1.32319.34
MinimumVisualStudioVersion = 10.0.40219.1
Project("{FAE04EC0-301F-11D3-BF4B-00C04F79EFBC}") = "SubTest", "SubTest.csproj", "{AFFC21F6-4D59-48EF-B288-8822705B46B6}"
EndProject
Global
	GlobalSection(SolutionConfigurationPlatforms) = preSolution
		Debug|Any CPU = Debug|Any CPU
		Release|Any CPU = Release|Any CPU
	EndGlobalSection
	GlobalSection(ProjectConfigurationPlatforms) = postSolution
		{AFFC21F6-4D59-48EF-B288-8822705B46B6}.Debug|Any CPU.ActiveCfg = Debug|Any CPU
		{AFFC21F6-4D59-48EF-B288-8822705B46B6}.Debug|Any CPU.Build.0 = Debug|Any CPU
		{AFFC21F6-4D59-48EF-B288-8822705B46B6}.Release|Any CPU.ActiveCfg = Release|Any CPU
		{AFFC21F6-4D59-48EF-B288-8822705B46B6}.Release|Any CPU.Build.0 = Release|Any CPU
	EndGlobalSection
	GlobalSection(SolutionProperties) = preSolution
		HideSolutionNode = FALSE
	EndGlobalSection
	GlobalSection(ExtensibilityGlobals) = postSolution
		SolutionGuid = {D3003D42-F46A-4A07-8066-D98DD34CDBDA}
	EndGlobalSection
EndGlobal
